{
  "name": "performance_evaluation",
  "lockfileVersion": 2,
  "requires": true,
  "packages": {
    "": {
      "dependencies": {
        "precision-recall": "^1.0.2"
      }
    },
    "node_modules/precision-recall": {
      "version": "1.0.2",
      "resolved": "https://registry.npmjs.org/precision-recall/-/precision-recall-1.0.2.tgz",
      "integrity": "sha512-oFha29eyP/LB8qxTY0ped02tKh771eSqro08dCo81Gf+qGDNuqdRudmmYQnPhinAEKWL5/Br0Xd5G8kvnXNE/A=="
    }
  },
  "dependencies": {
    "precision-recall": {
      "version": "1.0.2",
      "resolved": "https://registry.npmjs.org/precision-recall/-/precision-recall-1.0.2.tgz",
      "integrity": "sha512-oFha29eyP/LB8qxTY0ped02tKh771eSqro08dCo81Gf+qGDNuqdRudmmYQnPhinAEKWL5/Br0Xd5G8kvnXNE/A=="
    }
  }
}
